
Microsoft Visual Studio Solution File, Format Version 12.00
# Visual Studio Version 16
VisualStudioVersion = 16.0.31005.135
MinimumVisualStudioVersion = 10.0.40219.1
Project("{9A19103F-16F7-4668-BE54-9A1E7A4F7556}") = "HotelFinder.Entities", "HotelFinder.Entities\HotelFinder.Entities.csproj", "{80FFEE1A-C490-4CE8-B404-D6B867A7022B}"
EndProject
Project("{9A19103F-16F7-4668-BE54-9A1E7A4F7556}") = "HotelFinder.DataAccess", "HotelFinder.DataAccess\HotelFinder.DataAccess.csproj", "{A2881FAE-1044-4CD8-ADBD-9829C9B7CE99}"
EndProject
Project("{FAE04EC0-301F-11D3-BF4B-00C04F79EFBC}") = "HotelFinder.Business", "HotelFinder.Business\HotelFinder.Business.csproj", "{E7D92179-D74E-40A7-860D-E05261C1A6AC}"
EndProject
Project("{FAE04EC0-301F-11D3-BF4B-00C04F79EFBC}") = "HotelFinder.API", "HotelFinder.API\HotelFinder.API.csproj", "{21EDD85F-CC95-4610-ADBE-F56CC6126F3D}"
EndProject
Global
	GlobalSection(SolutionConfigurationPlatforms) = preSolution
		Debug|Any CPU = Debug|Any CPU
		Release|Any CPU = Release|Any CPU
	EndGlobalSection
	GlobalSection(ProjectConfigurationPlatforms) = postSolution
		{80FFEE1A-C490-4CE8-B404-D6B867A7022B}.Debug|Any CPU.ActiveCfg = Debug|Any CPU
		{80FFEE1A-C490-4CE8-B404-D6B867A7022B}.Debug|Any CPU.Build.0 = Debug|Any CPU
		{80FFEE1A-C490-4CE8-B404-D6B867A7022B}.Release|Any CPU.ActiveCfg = Release|Any CPU
		{80FFEE1A-C490-4CE8-B404-D6B867A7022B}.Release|Any CPU.Build.0 = Release|Any CPU
		{A2881FAE-1044-4CD8-ADBD-9829C9B7CE99}.Debug|Any CPU.ActiveCfg = Debug|Any CPU
		{A2881FAE-1044-4CD8-ADBD-9829C9B7CE99}.Debug|Any CPU.Build.0 = Debug|Any CPU
		{A2881FAE-1044-4CD8-ADBD-9829C9B7CE99}.Release|Any CPU.ActiveCfg = Release|Any CPU
		{A2881FAE-1044-4CD8-ADBD-9829C9B7CE99}.Release|Any CPU.Build.0 = Release|Any CPU
		{E7D92179-D74E-40A7-860D-E05261C1A6AC}.Debug|Any CPU.ActiveCfg = Debug|Any CPU
		{E7D92179-D74E-40A7-860D-E05261C1A6AC}.Debug|Any CPU.Build.0 = Debug|Any CPU
		{E7D92179-D74E-40A7-860D-E05261C1A6AC}.Release|Any CPU.ActiveCfg = Release|Any CPU
		{E7D92179-D74E-40A7-860D-E05261C1A6AC}.Release|Any CPU.Build.0 = Release|Any CPU
		{21EDD85F-CC95-4610-ADBE-F56CC6126F3D}.Debug|Any CPU.ActiveCfg = Debug|Any CPU
		{21EDD85F-CC95-4610-ADBE-F56CC6126F3D}.Debug|Any CPU.Build.0 = Debug|Any CPU
		{21EDD85F-CC95-4610-ADBE-F56CC6126F3D}.Release|Any CPU.ActiveCfg = Release|Any CPU
		{21EDD85F-CC95-4610-ADBE-F56CC6126F3D}.Release|Any CPU.Build.0 = Release|Any CPU
	EndGlobalSection
	GlobalSection(SolutionProperties) = preSolution
		HideSolutionNode = FALSE
	EndGlobalSection
	GlobalSection(ExtensibilityGlobals) = postSolution
		SolutionGuid = {C79AAC73-07CF-437E-B5B5-2174E93F751B}
	EndGlobalSection
EndGlobal
